
Microsoft Visual Studio Solution File, Format Version 12.00
# Visual Studio Version 16
VisualStudioVersion = 16.0.31624.102
MinimumVisualStudioVersion = 10.0.40219.1
Project("{8BC9CEB8-8B4A-11D0-8D11-00A0C91BC942}") = "Lab13.2", "Lab13.2\Lab13.2.vcxproj", "{854889D9-2680-4B95-A145-1607E4EDBF02}"
EndProject
Project("{8BC9CEB8-8B4A-11D0-8D11-00A0C91BC942}") = "UnitTest1", "UnitTest1\UnitTest1.vcxproj", "{288F7389-269B-4D49-A7C1-567D44ABC09B}"
EndProject
Global
	GlobalSection(SolutionConfigurationPlatforms) = preSolution
		Debug|x64 = Debug|x64
		Debug|x86 = Debug|x86
		Release|x64 = Release|x64
		Release|x86 = Release|x86
	EndGlobalSection
	GlobalSection(ProjectConfigurationPlatforms) = postSolution
		{854889D9-2680-4B95-A145-1607E4EDBF02}.Debug|x64.ActiveCfg = Debug|x64
		{854889D9-2680-4B95-A145-1607E4EDBF02}.Debug|x64.Build.0 = Debug|x64
		{854889D9-2680-4B95-A145-1607E4EDBF02}.Debug|x86.ActiveCfg = Debug|Win32
		{854889D9-2680-4B95-A145-1607E4EDBF02}.Debug|x86.Build.0 = Debug|Win32
		{854889D9-2680-4B95-A145-1607E4EDBF02}.Release|x64.ActiveCfg = Release|x64
		{854889D9-2680-4B95-A145-1607E4EDBF02}.Release|x64.Build.0 = Release|x64
		{854889D9-2680-4B95-A145-1607E4EDBF02}.Release|x86.ActiveCfg = Release|Win32
		{854889D9-2680-4B95-A145-1607E4EDBF02}.Release|x86.Build.0 = Release|Win32
		{288F7389-269B-4D49-A7C1-567D44ABC09B}.Debug|x64.ActiveCfg = Debug|x64
		{288F7389-269B-4D49-A7C1-567D44ABC09B}.Debug|x64.Build.0 = Debug|x64
		{288F7389-269B-4D49-A7C1-567D44ABC09B}.Debug|x86.ActiveCfg = Debug|Win32
		{288F7389-269B-4D49-A7C1-567D44ABC09B}.Debug|x86.Build.0 = Debug|Win32
		{288F7389-269B-4D49-A7C1-567D44ABC09B}.Release|x64.ActiveCfg = Release|x64
		{288F7389-269B-4D49-A7C1-567D44ABC09B}.Release|x64.Build.0 = Release|x64
		{288F7389-269B-4D49-A7C1-567D44ABC09B}.Release|x86.ActiveCfg = Release|Win32
		{288F7389-269B-4D49-A7C1-567D44ABC09B}.Release|x86.Build.0 = Release|Win32
	EndGlobalSection
	GlobalSection(SolutionProperties) = preSolution
		HideSolutionNode = FALSE
	EndGlobalSection
	GlobalSection(ExtensibilityGlobals) = postSolution
		SolutionGuid = {EB239970-627C-4204-A4B3-F4112CF5520D}
	EndGlobalSection
EndGlobal
